
Microsoft Visual Studio Solution File, Format Version 12.00
# Visual Studio Version 16
VisualStudioVersion = 16.0.29102.190
MinimumVisualStudioVersion = 10.0.40219.1
Project("{FAE04EC0-301F-11D3-BF4B-00C04F79EFBC}") = "TelegramChatTimeCounter", "TelegramChatTimeCounter\TelegramChatTimeCounter.csproj", "{DD773CFA-D649-41E6-AE69-C911610A7E1C}"
EndProject
Global
	GlobalSection(SolutionConfigurationPlatforms) = preSolution
		Debug|Any CPU = Debug|Any CPU
		Release|Any CPU = Release|Any CPU
	EndGlobalSection
	GlobalSection(ProjectConfigurationPlatforms) = postSolution
		{DD773CFA-D649-41E6-AE69-C911610A7E1C}.Debug|Any CPU.ActiveCfg = Debug|Any CPU
		{DD773CFA-D649-41E6-AE69-C911610A7E1C}.Debug|Any CPU.Build.0 = Debug|Any CPU
		{DD773CFA-D649-41E6-AE69-C911610A7E1C}.Release|Any CPU.ActiveCfg = Release|Any CPU
		{DD773CFA-D649-41E6-AE69-C911610A7E1C}.Release|Any CPU.Build.0 = Release|Any CPU
	EndGlobalSection
	GlobalSection(SolutionProperties) = preSolution
		HideSolutionNode = FALSE
	EndGlobalSection
	GlobalSection(ExtensibilityGlobals) = postSolution
		SolutionGuid = {21A8C929-3299-44AB-A462-14F185B89D3B}
	EndGlobalSection
EndGlobal
